
Microsoft Visual Studio Solution File, Format Version 12.00
# Visual Studio Version 17
VisualStudioVersion = 17.12.35728.132 d17.12
MinimumVisualStudioVersion = 10.0.40219.1
Project("{FAE04EC0-301F-11D3-BF4B-00C04F79EFBC}") = "VIMS_try", "VIMS_try\VIMS_try.csproj", "{23BC2E0F-3BFB-4890-B41B-F534BEE7D779}"
EndProject
Global
	GlobalSection(SolutionConfigurationPlatforms) = preSolution
		Debug|Any CPU = Debug|Any CPU
		Release|Any CPU = Release|Any CPU
	EndGlobalSection
	GlobalSection(ProjectConfigurationPlatforms) = postSolution
		{23BC2E0F-3BFB-4890-B41B-F534BEE7D779}.Debug|Any CPU.ActiveCfg = Debug|Any CPU
		{23BC2E0F-3BFB-4890-B41B-F534BEE7D779}.Debug|Any CPU.Build.0 = Debug|Any CPU
		{23BC2E0F-3BFB-4890-B41B-F534BEE7D779}.Release|Any CPU.ActiveCfg = Release|Any CPU
		{23BC2E0F-3BFB-4890-B41B-F534BEE7D779}.Release|Any CPU.Build.0 = Release|Any CPU
	EndGlobalSection
	GlobalSection(SolutionProperties) = preSolution
		HideSolutionNode = FALSE
	EndGlobalSection
EndGlobal
